Microsoft Visual Studio Solution File, Format Version 12.00
# Visual Studio Version 17
VisualStudioVersion = 17.5.2.0
MinimumVisualStudioVersion = 10.0.40219.1
Project("{2150E333-8FDC-42A3-9474-1A3956D46DE8}") = "day1-2", "day1-2", "{03A8E3A6-766E-D823-D441-C6981EC0FD88}"
EndProject
Project("{FAE04EC0-301F-11D3-BF4B-00C04F79EFBC}") = "day3", "day3\day3.csproj", "{06DAEF29-AFA7-2E6E-511B-F76E55C60EC4}"
EndProject
Project("{FAE04EC0-301F-11D3-BF4B-00C04F79EFBC}") = "day4", "day4\day4.csproj", "{D9D5C5C0-33DC-A088-2ECC-59A33C93B73C}"
EndProject
Project("{FAE04EC0-301F-11D3-BF4B-00C04F79EFBC}") = "dotnet", "day1-2\dotnet.csproj", "{0CEAA283-E595-0FD7-B12C-44ADCFC1F570}"
EndProject
Global
	GlobalSection(SolutionConfigurationPlatforms) = preSolution
		Debug|Any CPU = Debug|Any CPU
		Release|Any CPU = Release|Any CPU
	EndGlobalSection
	GlobalSection(ProjectConfigurationPlatforms) = postSolution
		{06DAEF29-AFA7-2E6E-511B-F76E55C60EC4}.Debug|Any CPU.ActiveCfg = Debug|Any CPU
		{06DAEF29-AFA7-2E6E-511B-F76E55C60EC4}.Debug|Any CPU.Build.0 = Debug|Any CPU
		{06DAEF29-AFA7-2E6E-511B-F76E55C60EC4}.Release|Any CPU.ActiveCfg = Release|Any CPU
		{06DAEF29-AFA7-2E6E-511B-F76E55C60EC4}.Release|Any CPU.Build.0 = Release|Any CPU
		{D9D5C5C0-33DC-A088-2ECC-59A33C93B73C}.Debug|Any CPU.ActiveCfg = Debug|Any CPU
		{D9D5C5C0-33DC-A088-2ECC-59A33C93B73C}.Debug|Any CPU.Build.0 = Debug|Any CPU
		{D9D5C5C0-33DC-A088-2ECC-59A33C93B73C}.Release|Any CPU.ActiveCfg = Release|Any CPU
		{D9D5C5C0-33DC-A088-2ECC-59A33C93B73C}.Release|Any CPU.Build.0 = Release|Any CPU
		{0CEAA283-E595-0FD7-B12C-44ADCFC1F570}.Debug|Any CPU.ActiveCfg = Debug|Any CPU
		{0CEAA283-E595-0FD7-B12C-44ADCFC1F570}.Debug|Any CPU.Build.0 = Debug|Any CPU
		{0CEAA283-E595-0FD7-B12C-44ADCFC1F570}.Release|Any CPU.ActiveCfg = Release|Any CPU
		{0CEAA283-E595-0FD7-B12C-44ADCFC1F570}.Release|Any CPU.Build.0 = Release|Any CPU
	EndGlobalSection
	GlobalSection(SolutionProperties) = preSolution
		HideSolutionNode = FALSE
	EndGlobalSection
	GlobalSection(NestedProjects) = preSolution
		{0CEAA283-E595-0FD7-B12C-44ADCFC1F570} = {03A8E3A6-766E-D823-D441-C6981EC0FD88}
	EndGlobalSection
	GlobalSection(ExtensibilityGlobals) = postSolution
		SolutionGuid = {5A8F1F58-ABF7-4B29-BF5D-9254EAFCEF3A}
	EndGlobalSection
EndGlobal
